
Microsoft Visual Studio Solution File, Format Version 12.00
# Visual Studio 15
Project("{FAE04EC0-301F-11D3-BF4B-00C04F79EFBC}") = "IDRIS", "Assembly-CSharp.csproj", "{5F129EBD-F70A-458A-E344-6003967DCFBC}"
EndProject
Global
	GlobalSection(SolutionConfigurationPlatforms) = preSolution
		Debug|Any CPU = Debug|Any CPU
		Release|Any CPU = Release|Any CPU
	EndGlobalSection
	GlobalSection(ProjectConfigurationPlatforms) = postSolution
		{5F129EBD-F70A-458A-E344-6003967DCFBC}.Debug|Any CPU.ActiveCfg = Debug|Any CPU
		{5F129EBD-F70A-458A-E344-6003967DCFBC}.Debug|Any CPU.Build.0 = Debug|Any CPU
		{5F129EBD-F70A-458A-E344-6003967DCFBC}.Release|Any CPU.ActiveCfg = Release|Any CPU
		{5F129EBD-F70A-458A-E344-6003967DCFBC}.Release|Any CPU.Build.0 = Release|Any CPU
	EndGlobalSection
	GlobalSection(SolutionProperties) = preSolution
		HideSolutionNode = FALSE
	EndGlobalSection
EndGlobal
